
Microsoft Visual Studio Solution File, Format Version 12.00
# Visual Studio Version 16
VisualStudioVersion = 16.0.29806.167
MinimumVisualStudioVersion = 10.0.40219.1
Project("{FAE04EC0-301F-11D3-BF4B-00C04F79EFBC}") = "CRUD Operations with DB Context", "CRUD Operations with DB Context\CRUD Operations with DB Context.csproj", "{F9C70D89-827D-41E5-B8B1-B1F2148E6B2E}"
EndProject
Global
	GlobalSection(SolutionConfigurationPlatforms) = preSolution
		Debug|Any CPU = Debug|Any CPU
		Release|Any CPU = Release|Any CPU
	EndGlobalSection
	GlobalSection(ProjectConfigurationPlatforms) = postSolution
		{F9C70D89-827D-41E5-B8B1-B1F2148E6B2E}.Debug|Any CPU.ActiveCfg = Debug|Any CPU
		{F9C70D89-827D-41E5-B8B1-B1F2148E6B2E}.Debug|Any CPU.Build.0 = Debug|Any CPU
		{F9C70D89-827D-41E5-B8B1-B1F2148E6B2E}.Release|Any CPU.ActiveCfg = Release|Any CPU
		{F9C70D89-827D-41E5-B8B1-B1F2148E6B2E}.Release|Any CPU.Build.0 = Release|Any CPU
	EndGlobalSection
	GlobalSection(SolutionProperties) = preSolution
		HideSolutionNode = FALSE
	EndGlobalSection
	GlobalSection(ExtensibilityGlobals) = postSolution
		SolutionGuid = {57213C3E-BD8B-48AC-8C60-6B629AC46727}
	EndGlobalSection
EndGlobal
