
Microsoft Visual Studio Solution File, Format Version 12.00
# Visual Studio Version 16
VisualStudioVersion = 16.0.29905.134
MinimumVisualStudioVersion = 10.0.40219.1
Project("{9A19103F-16F7-4668-BE54-9A1E7A4F7556}") = "Explore ASP Core with CRUD", "Explore ASP Core with CRUD\Explore ASP Core with CRUD.csproj", "{1FE10DAD-E877-4CD6-B8BA-5E1AB1DB4043}"
EndProject
Global
	GlobalSection(SolutionConfigurationPlatforms) = preSolution
		Debug|Any CPU = Debug|Any CPU
		Release|Any CPU = Release|Any CPU
	EndGlobalSection
	GlobalSection(ProjectConfigurationPlatforms) = postSolution
		{1FE10DAD-E877-4CD6-B8BA-5E1AB1DB4043}.Debug|Any CPU.ActiveCfg = Debug|Any CPU
		{1FE10DAD-E877-4CD6-B8BA-5E1AB1DB4043}.Debug|Any CPU.Build.0 = Debug|Any CPU
		{1FE10DAD-E877-4CD6-B8BA-5E1AB1DB4043}.Release|Any CPU.ActiveCfg = Release|Any CPU
		{1FE10DAD-E877-4CD6-B8BA-5E1AB1DB4043}.Release|Any CPU.Build.0 = Release|Any CPU
	EndGlobalSection
	GlobalSection(SolutionProperties) = preSolution
		HideSolutionNode = FALSE
	EndGlobalSection
	GlobalSection(ExtensibilityGlobals) = postSolution
		SolutionGuid = {00A45EB5-6302-4220-A487-9B71528D27DA}
	EndGlobalSection
EndGlobal
